
Microsoft Visual Studio Solution File, Format Version 12.00
# Visual Studio Version 16
VisualStudioVersion = 16.0.31911.196
MinimumVisualStudioVersion = 10.0.40219.1
Project("{FAE04EC0-301F-11D3-BF4B-00C04F79EFBC}") = "CustomStack", "CustomStack\CustomStack.csproj", "{36997F8C-50C7-4495-9BA7-3E304E508C75}"
EndProject
Global
	GlobalSection(SolutionConfigurationPlatforms) = preSolution
		Debug|Any CPU = Debug|Any CPU
		Release|Any CPU = Release|Any CPU
	EndGlobalSection
	GlobalSection(ProjectConfigurationPlatforms) = postSolution
		{36997F8C-50C7-4495-9BA7-3E304E508C75}.Debug|Any CPU.ActiveCfg = Debug|Any CPU
		{36997F8C-50C7-4495-9BA7-3E304E508C75}.Debug|Any CPU.Build.0 = Debug|Any CPU
		{36997F8C-50C7-4495-9BA7-3E304E508C75}.Release|Any CPU.ActiveCfg = Release|Any CPU
		{36997F8C-50C7-4495-9BA7-3E304E508C75}.Release|Any CPU.Build.0 = Release|Any CPU
	EndGlobalSection
	GlobalSection(SolutionProperties) = preSolution
		HideSolutionNode = FALSE
	EndGlobalSection
	GlobalSection(ExtensibilityGlobals) = postSolution
		SolutionGuid = {819C0727-AA6F-421F-89AD-8D8CAB709425}
	EndGlobalSection
EndGlobal
